
Microsoft Visual Studio Solution File, Format Version 12.00
# Visual Studio Version 16
VisualStudioVersion = 16.0.30803.129
MinimumVisualStudioVersion = 15.0.26124.0
Project("{9A19103F-16F7-4668-BE54-9A1E7A4F7556}") = "SingletonPattern", "SingletonPattern\SingletonPattern.csproj", "{86FAD331-654B-4386-8928-33563B0658E5}"
EndProject
Project("{9A19103F-16F7-4668-BE54-9A1E7A4F7556}") = "PrototypePattern", "PrototypePattern\PrototypePattern.csproj", "{6F0C4BC1-0621-4154-8535-509EA00EDC97}"
EndProject
Project("{9A19103F-16F7-4668-BE54-9A1E7A4F7556}") = "BuilderPattern", "BuilderPattern\BuilderPattern.csproj", "{01664397-7EB4-4DB1-8D17-DC084812D6DB}"
EndProject
Project("{9A19103F-16F7-4668-BE54-9A1E7A4F7556}") = "SimpleFactoryPattern", "SimpleFactoryPattern\SimpleFactoryPattern.csproj", "{4F6447AA-C72C-401F-A871-FBF86212AEE1}"
EndProject
Project("{9A19103F-16F7-4668-BE54-9A1E7A4F7556}") = "FactoryPattern", "FactoryPattern\FactoryPattern.csproj", "{BFEDEFA5-8DAE-4486-9D91-BDB204FFA7AB}"
EndProject
Project("{9A19103F-16F7-4668-BE54-9A1E7A4F7556}") = "AbstractFactoryPattern", "AbstractFactoryPattern\AbstractFactoryPattern.csproj", "{656C8353-6429-4DD6-AEE7-C4402F1A99C9}"
EndProject
Project("{9A19103F-16F7-4668-BE54-9A1E7A4F7556}") = "ProxyPattern", "ProxyPattern\ProxyPattern.csproj", "{46D91E6C-878B-4184-8C4E-166C34AC798B}"
EndProject
Project("{9A19103F-16F7-4668-BE54-9A1E7A4F7556}") = "DecoratorPattern", "DecoratorPattern\DecoratorPattern.csproj", "{19F74592-D88D-43B4-A846-D49D5C8F25D9}"
EndProject
Project("{9A19103F-16F7-4668-BE54-9A1E7A4F7556}") = "AdapterPattern", "AdapterPattern\AdapterPattern.csproj", "{228AFCDF-2694-4309-B80B-67235431B726}"
EndProject
Project("{FAE04EC0-301F-11D3-BF4B-00C04F79EFBC}") = "FacadePattern", "FacadePattern\FacadePattern.csproj", "{403E30EA-2171-4E4C-A8F9-5B43BC4AF1BF}"
EndProject
Global
	GlobalSection(SolutionConfigurationPlatforms) = preSolution
		Debug|Any CPU = Debug|Any CPU
		Debug|x64 = Debug|x64
		Debug|x86 = Debug|x86
		Release|Any CPU = Release|Any CPU
		Release|x64 = Release|x64
		Release|x86 = Release|x86
	EndGlobalSection
	GlobalSection(ProjectConfigurationPlatforms) = postSolution
		{86FAD331-654B-4386-8928-33563B0658E5}.Debug|Any CPU.ActiveCfg = Debug|Any CPU
		{86FAD331-654B-4386-8928-33563B0658E5}.Debug|Any CPU.Build.0 = Debug|Any CPU
		{86FAD331-654B-4386-8928-33563B0658E5}.Debug|x64.ActiveCfg = Debug|Any CPU
		{86FAD331-654B-4386-8928-33563B0658E5}.Debug|x64.Build.0 = Debug|Any CPU
		{86FAD331-654B-4386-8928-33563B0658E5}.Debug|x86.ActiveCfg = Debug|Any CPU
		{86FAD331-654B-4386-8928-33563B0658E5}.Debug|x86.Build.0 = Debug|Any CPU
		{86FAD331-654B-4386-8928-33563B0658E5}.Release|Any CPU.ActiveCfg = Release|Any CPU
		{86FAD331-654B-4386-8928-33563B0658E5}.Release|Any CPU.Build.0 = Release|Any CPU
		{86FAD331-654B-4386-8928-33563B0658E5}.Release|x64.ActiveCfg = Release|Any CPU
		{86FAD331-654B-4386-8928-33563B0658E5}.Release|x64.Build.0 = Release|Any CPU
		{86FAD331-654B-4386-8928-33563B0658E5}.Release|x86.ActiveCfg = Release|Any CPU
		{86FAD331-654B-4386-8928-33563B0658E5}.Release|x86.Build.0 = Release|Any CPU
		{6F0C4BC1-0621-4154-8535-509EA00EDC97}.Debug|Any CPU.ActiveCfg = Debug|Any CPU
		{6F0C4BC1-0621-4154-8535-509EA00EDC97}.Debug|Any CPU.Build.0 = Debug|Any CPU
		{6F0C4BC1-0621-4154-8535-509EA00EDC97}.Debug|x64.ActiveCfg = Debug|Any CPU
		{6F0C4BC1-0621-4154-8535-509EA00EDC97}.Debug|x64.Build.0 = Debug|Any CPU
		{6F0C4BC1-0621-4154-8535-509EA00EDC97}.Debug|x86.ActiveCfg = Debug|Any CPU
		{6F0C4BC1-0621-4154-8535-509EA00EDC97}.Debug|x86.Build.0 = Debug|Any CPU
		{6F0C4BC1-0621-4154-8535-509EA00EDC97}.Release|Any CPU.ActiveCfg = Release|Any CPU
		{6F0C4BC1-0621-4154-8535-509EA00EDC97}.Release|Any CPU.Build.0 = Release|Any CPU
		{6F0C4BC1-0621-4154-8535-509EA00EDC97}.Release|x64.ActiveCfg = Release|Any CPU
		{6F0C4BC1-0621-4154-8535-509EA00EDC97}.Release|x64.Build.0 = Release|Any CPU
		{6F0C4BC1-0621-4154-8535-509EA00EDC97}.Release|x86.ActiveCfg = Release|Any CPU
		{6F0C4BC1-0621-4154-8535-509EA00EDC97}.Release|x86.Build.0 = Release|Any CPU
		{01664397-7EB4-4DB1-8D17-DC084812D6DB}.Debug|Any CPU.ActiveCfg = Debug|Any CPU
		{01664397-7EB4-4DB1-8D17-DC084812D6DB}.Debug|Any CPU.Build.0 = Debug|Any CPU
		{01664397-7EB4-4DB1-8D17-DC084812D6DB}.Debug|x64.ActiveCfg = Debug|Any CPU
		{01664397-7EB4-4DB1-8D17-DC084812D6DB}.Debug|x64.Build.0 = Debug|Any CPU
		{01664397-7EB4-4DB1-8D17-DC084812D6DB}.Debug|x86.ActiveCfg = Debug|Any CPU
		{01664397-7EB4-4DB1-8D17-DC084812D6DB}.Debug|x86.Build.0 = Debug|Any CPU
		{01664397-7EB4-4DB1-8D17-DC084812D6DB}.Release|Any CPU.ActiveCfg = Release|Any CPU
		{01664397-7EB4-4DB1-8D17-DC084812D6DB}.Release|Any CPU.Build.0 = Release|Any CPU
		{01664397-7EB4-4DB1-8D17-DC084812D6DB}.Release|x64.ActiveCfg = Release|Any CPU
		{01664397-7EB4-4DB1-8D17-DC084812D6DB}.Release|x64.Build.0 = Release|Any CPU
		{01664397-7EB4-4DB1-8D17-DC084812D6DB}.Release|x86.ActiveCfg = Release|Any CPU
		{01664397-7EB4-4DB1-8D17-DC084812D6DB}.Release|x86.Build.0 = Release|Any CPU
		{4F6447AA-C72C-401F-A871-FBF86212AEE1}.Debug|Any CPU.ActiveCfg = Debug|Any CPU
		{4F6447AA-C72C-401F-A871-FBF86212AEE1}.Debug|Any CPU.Build.0 = Debug|Any CPU
		{4F6447AA-C72C-401F-A871-FBF86212AEE1}.Debug|x64.ActiveCfg = Debug|Any CPU
		{4F6447AA-C72C-401F-A871-FBF86212AEE1}.Debug|x64.Build.0 = Debug|Any CPU
		{4F6447AA-C72C-401F-A871-FBF86212AEE1}.Debug|x86.ActiveCfg = Debug|Any CPU
		{4F6447AA-C72C-401F-A871-FBF86212AEE1}.Debug|x86.Build.0 = Debug|Any CPU
		{4F6447AA-C72C-401F-A871-FBF86212AEE1}.Release|Any CPU.ActiveCfg = Release|Any CPU
		{4F6447AA-C72C-401F-A871-FBF86212AEE1}.Release|Any CPU.Build.0 = Release|Any CPU
		{4F6447AA-C72C-401F-A871-FBF86212AEE1}.Release|x64.ActiveCfg = Release|Any CPU
		{4F6447AA-C72C-401F-A871-FBF86212AEE1}.Release|x64.Build.0 = Release|Any CPU
		{4F6447AA-C72C-401F-A871-FBF86212AEE1}.Release|x86.ActiveCfg = Release|Any CPU
		{4F6447AA-C72C-401F-A871-FBF86212AEE1}.Release|x86.Build.0 = Release|Any CPU
		{BFEDEFA5-8DAE-4486-9D91-BDB204FFA7AB}.Debug|Any CPU.ActiveCfg = Debug|Any CPU
		{BFEDEFA5-8DAE-4486-9D91-BDB204FFA7AB}.Debug|Any CPU.Build.0 = Debug|Any CPU
		{BFEDEFA5-8DAE-4486-9D91-BDB204FFA7AB}.Debug|x64.ActiveCfg = Debug|Any CPU
		{BFEDEFA5-8DAE-4486-9D91-BDB204FFA7AB}.Debug|x64.Build.0 = Debug|Any CPU
		{BFEDEFA5-8DAE-4486-9D91-BDB204FFA7AB}.Debug|x86.ActiveCfg = Debug|Any CPU
		{BFEDEFA5-8DAE-4486-9D91-BDB204FFA7AB}.Debug|x86.Build.0 = Debug|Any CPU
		{BFEDEFA5-8DAE-4486-9D91-BDB204FFA7AB}.Release|Any CPU.ActiveCfg = Release|Any CPU
		{BFEDEFA5-8DAE-4486-9D91-BDB204FFA7AB}.Release|Any CPU.Build.0 = Release|Any CPU
		{BFEDEFA5-8DAE-4486-9D91-BDB204FFA7AB}.Release|x64.ActiveCfg = Release|Any CPU
		{BFEDEFA5-8DAE-4486-9D91-BDB204FFA7AB}.Release|x64.Build.0 = Release|Any CPU
		{BFEDEFA5-8DAE-4486-9D91-BDB204FFA7AB}.Release|x86.ActiveCfg = Release|Any CPU
		{BFEDEFA5-8DAE-4486-9D91-BDB204FFA7AB}.Release|x86.Build.0 = Release|Any CPU
		{656C8353-6429-4DD6-AEE7-C4402F1A99C9}.Debug|Any CPU.ActiveCfg = Debug|Any CPU
		{656C8353-6429-4DD6-AEE7-C4402F1A99C9}.Debug|Any CPU.Build.0 = Debug|Any CPU
		{656C8353-6429-4DD6-AEE7-C4402F1A99C9}.Debug|x64.ActiveCfg = Debug|Any CPU
		{656C8353-6429-4DD6-AEE7-C4402F1A99C9}.Debug|x64.Build.0 = Debug|Any CPU
		{656C8353-6429-4DD6-AEE7-C4402F1A99C9}.Debug|x86.ActiveCfg = Debug|Any CPU
		{656C8353-6429-4DD6-AEE7-C4402F1A99C9}.Debug|x86.Build.0 = Debug|Any CPU
		{656C8353-6429-4DD6-AEE7-C4402F1A99C9}.Release|Any CPU.ActiveCfg = Release|Any CPU
		{656C8353-6429-4DD6-AEE7-C4402F1A99C9}.Release|Any CPU.Build.0 = Release|Any CPU
		{656C8353-6429-4DD6-AEE7-C4402F1A99C9}.Release|x64.ActiveCfg = Release|Any CPU
		{656C8353-6429-4DD6-AEE7-C4402F1A99C9}.Release|x64.Build.0 = Release|Any CPU
		{656C8353-6429-4DD6-AEE7-C4402F1A99C9}.Release|x86.ActiveCfg = Release|Any CPU
		{656C8353-6429-4DD6-AEE7-C4402F1A99C9}.Release|x86.Build.0 = Release|Any CPU
		{46D91E6C-878B-4184-8C4E-166C34AC798B}.Debug|Any CPU.ActiveCfg = Debug|Any CPU
		{46D91E6C-878B-4184-8C4E-166C34AC798B}.Debug|Any CPU.Build.0 = Debug|Any CPU
		{46D91E6C-878B-4184-8C4E-166C34AC798B}.Debug|x64.ActiveCfg = Debug|Any CPU
		{46D91E6C-878B-4184-8C4E-166C34AC798B}.Debug|x64.Build.0 = Debug|Any CPU
		{46D91E6C-878B-4184-8C4E-166C34AC798B}.Debug|x86.ActiveCfg = Debug|Any CPU
		{46D91E6C-878B-4184-8C4E-166C34AC798B}.Debug|x86.Build.0 = Debug|Any CPU
		{46D91E6C-878B-4184-8C4E-166C34AC798B}.Release|Any CPU.ActiveCfg = Release|Any CPU
		{46D91E6C-878B-4184-8C4E-166C34AC798B}.Release|Any CPU.Build.0 = Release|Any CPU
		{46D91E6C-878B-4184-8C4E-166C34AC798B}.Release|x64.ActiveCfg = Release|Any CPU
		{46D91E6C-878B-4184-8C4E-166C34AC798B}.Release|x64.Build.0 = Release|Any CPU
		{46D91E6C-878B-4184-8C4E-166C34AC798B}.Release|x86.ActiveCfg = Release|Any CPU
		{46D91E6C-878B-4184-8C4E-166C34AC798B}.Release|x86.Build.0 = Release|Any CPU
		{19F74592-D88D-43B4-A846-D49D5C8F25D9}.Debug|Any CPU.ActiveCfg = Debug|Any CPU
		{19F74592-D88D-43B4-A846-D49D5C8F25D9}.Debug|Any CPU.Build.0 = Debug|Any CPU
		{19F74592-D88D-43B4-A846-D49D5C8F25D9}.Debug|x64.ActiveCfg = Debug|Any CPU
		{19F74592-D88D-43B4-A846-D49D5C8F25D9}.Debug|x64.Build.0 = Debug|Any CPU
		{19F74592-D88D-43B4-A846-D49D5C8F25D9}.Debug|x86.ActiveCfg = Debug|Any CPU
		{19F74592-D88D-43B4-A846-D49D5C8F25D9}.Debug|x86.Build.0 = Debug|Any CPU
		{19F74592-D88D-43B4-A846-D49D5C8F25D9}.Release|Any CPU.ActiveCfg = Release|Any CPU
		{19F74592-D88D-43B4-A846-D49D5C8F25D9}.Release|Any CPU.Build.0 = Release|Any CPU
		{19F74592-D88D-43B4-A846-D49D5C8F25D9}.Release|x64.ActiveCfg = Release|Any CPU
		{19F74592-D88D-43B4-A846-D49D5C8F25D9}.Release|x64.Build.0 = Release|Any CPU
		{19F74592-D88D-43B4-A846-D49D5C8F25D9}.Release|x86.ActiveCfg = Release|Any CPU
		{19F74592-D88D-43B4-A846-D49D5C8F25D9}.Release|x86.Build.0 = Release|Any CPU
		{228AFCDF-2694-4309-B80B-67235431B726}.Debug|Any CPU.ActiveCfg = Debug|Any CPU
		{228AFCDF-2694-4309-B80B-67235431B726}.Debug|Any CPU.Build.0 = Debug|Any CPU
		{228AFCDF-2694-4309-B80B-67235431B726}.Debug|x64.ActiveCfg = Debug|Any CPU
		{228AFCDF-2694-4309-B80B-67235431B726}.Debug|x64.Build.0 = Debug|Any CPU
		{228AFCDF-2694-4309-B80B-67235431B726}.Debug|x86.ActiveCfg = Debug|Any CPU
		{228AFCDF-2694-4309-B80B-67235431B726}.Debug|x86.Build.0 = Debug|Any CPU
		{228AFCDF-2694-4309-B80B-67235431B726}.Release|Any CPU.ActiveCfg = Release|Any CPU
		{228AFCDF-2694-4309-B80B-67235431B726}.Release|Any CPU.Build.0 = Release|Any CPU
		{228AFCDF-2694-4309-B80B-67235431B726}.Release|x64.ActiveCfg = Release|Any CPU
		{228AFCDF-2694-4309-B80B-67235431B726}.Release|x64.Build.0 = Release|Any CPU
		{228AFCDF-2694-4309-B80B-67235431B726}.Release|x86.ActiveCfg = Release|Any CPU
		{228AFCDF-2694-4309-B80B-67235431B726}.Release|x86.Build.0 = Release|Any CPU
		{403E30EA-2171-4E4C-A8F9-5B43BC4AF1BF}.Debug|Any CPU.ActiveCfg = Debug|Any CPU
		{403E30EA-2171-4E4C-A8F9-5B43BC4AF1BF}.Debug|Any CPU.Build.0 = Debug|Any CPU
		{403E30EA-2171-4E4C-A8F9-5B43BC4AF1BF}.Debug|x64.ActiveCfg = Debug|Any CPU
		{403E30EA-2171-4E4C-A8F9-5B43BC4AF1BF}.Debug|x64.Build.0 = Debug|Any CPU
		{403E30EA-2171-4E4C-A8F9-5B43BC4AF1BF}.Debug|x86.ActiveCfg = Debug|Any CPU
		{403E30EA-2171-4E4C-A8F9-5B43BC4AF1BF}.Debug|x86.Build.0 = Debug|Any CPU
		{403E30EA-2171-4E4C-A8F9-5B43BC4AF1BF}.Release|Any CPU.ActiveCfg = Release|Any CPU
		{403E30EA-2171-4E4C-A8F9-5B43BC4AF1BF}.Release|Any CPU.Build.0 = Release|Any CPU
		{403E30EA-2171-4E4C-A8F9-5B43BC4AF1BF}.Release|x64.ActiveCfg = Release|Any CPU
		{403E30EA-2171-4E4C-A8F9-5B43BC4AF1BF}.Release|x64.Build.0 = Release|Any CPU
		{403E30EA-2171-4E4C-A8F9-5B43BC4AF1BF}.Release|x86.ActiveCfg = Release|Any CPU
		{403E30EA-2171-4E4C-A8F9-5B43BC4AF1BF}.Release|x86.Build.0 = Release|Any CPU
	EndGlobalSection
	GlobalSection(SolutionProperties) = preSolution
		HideSolutionNode = FALSE
	EndGlobalSection
	GlobalSection(ExtensibilityGlobals) = postSolution
		SolutionGuid = {542AB445-B190-44D1-8A31-C50B098C906C}
	EndGlobalSection
EndGlobal
